
Microsoft Visual Studio Solution File, Format Version 12.00
# Visual Studio 15
VisualStudioVersion = 15.0.28307.572
MinimumVisualStudioVersion = 10.0.40219.1
Project("{FAE04EC0-301F-11D3-BF4B-00C04F79EFBC}") = "people.Android", "people\people.Android\people.Android.csproj", "{23DE1786-627D-4DBF-891E-C86CC1CA2B3D}"
EndProject
Project("{FAE04EC0-301F-11D3-BF4B-00C04F79EFBC}") = "people", "people\people\people.csproj", "{EE39B645-21FF-4BD1-A01C-DEFD23B4ED24}"
EndProject
Global
	GlobalSection(SolutionConfigurationPlatforms) = preSolution
		Debug|Any CPU = Debug|Any CPU
		Release|Any CPU = Release|Any CPU
	EndGlobalSection
	GlobalSection(ProjectConfigurationPlatforms) = postSolution
		{23DE1786-627D-4DBF-891E-C86CC1CA2B3D}.Debug|Any CPU.ActiveCfg = Debug|Any CPU
		{23DE1786-627D-4DBF-891E-C86CC1CA2B3D}.Debug|Any CPU.Build.0 = Debug|Any CPU
		{23DE1786-627D-4DBF-891E-C86CC1CA2B3D}.Debug|Any CPU.Deploy.0 = Debug|Any CPU
		{23DE1786-627D-4DBF-891E-C86CC1CA2B3D}.Release|Any CPU.ActiveCfg = Release|Any CPU
		{23DE1786-627D-4DBF-891E-C86CC1CA2B3D}.Release|Any CPU.Build.0 = Release|Any CPU
		{23DE1786-627D-4DBF-891E-C86CC1CA2B3D}.Release|Any CPU.Deploy.0 = Release|Any CPU
		{EE39B645-21FF-4BD1-A01C-DEFD23B4ED24}.Debug|Any CPU.ActiveCfg = Debug|Any CPU
		{EE39B645-21FF-4BD1-A01C-DEFD23B4ED24}.Debug|Any CPU.Build.0 = Debug|Any CPU
		{EE39B645-21FF-4BD1-A01C-DEFD23B4ED24}.Debug|Any CPU.Deploy.0 = Debug|Any CPU
		{EE39B645-21FF-4BD1-A01C-DEFD23B4ED24}.Release|Any CPU.ActiveCfg = Release|Any CPU
		{EE39B645-21FF-4BD1-A01C-DEFD23B4ED24}.Release|Any CPU.Build.0 = Release|Any CPU
		{EE39B645-21FF-4BD1-A01C-DEFD23B4ED24}.Release|Any CPU.Deploy.0 = Release|Any CPU
	EndGlobalSection
	GlobalSection(SolutionProperties) = preSolution
		HideSolutionNode = FALSE
	EndGlobalSection
	GlobalSection(ExtensibilityGlobals) = postSolution
		SolutionGuid = {91924F54-EADA-43FC-A918-5AD9F9D23BEF}
	EndGlobalSection
EndGlobal
